<?xml version="1.0" encoding="UTF-8"?>
<Scheme
   LastUpgradeVersion = "2620"
   version = "1.7">
   <BuildAction
      parallelizeBuildables = "YES"
      buildImplicitDependencies = "YES"
      buildArchitectures = "Automatic">
      <PreActions>
         <ExecutionAction
            ActionType = "Xcode.IDEStandardExecutionActionsCore.ExecutionActionType.ShellScriptAction">
            <ActionContent
               title = "Run Script"
               scriptText = "# Type a script or drag a script file from your workspace to insert its path.&#10;#!/bin/sh&#10;BUILD_NUMBER=`date &apos;+%y%m%d.%H%M&apos;`&#10;&#10;PROJECT_NAME=$(basename &quot;$PROJECT_FILE_PATH&quot; .xcodeproj)&#10;echo &quot;CURRENT_PROJECT_VERSION = $BUILD_NUMBER&quot; &gt; &quot;${PROJECT_DIR}/${PROJECT_NAME}/BuildNumber.xcconfig&quot;&#10;&#10;echo &quot;Updated build number to: $BUILD_NUMBER&quot;&#10;">
               <EnvironmentBuildable>
                  <BuildableReference
                     BuildableIdentifier = "primary"
                     BlueprintIdentifier = "96253C792F32857A00E17BB2"
                     BuildableName = "Light Up Kammy&apos;s Room.app"
                     BlueprintName = "LightUpKammysRoom"
                     ReferencedContainer = "container:LightUpKammysRoom.xcodeproj">
                  </BuildableReference>
               </EnvironmentBuildable>
            </ActionContent>
         </ExecutionAction>
      </PreActions>
      <BuildActionEntries>
         <BuildActionEntry
            buildForTesting = "YES"
            buildForRunning = "YES"
            buildForProfiling = "YES"
            buildForArchiving = "YES"
            buildForAnalyzing = "YES">
            <BuildableReference
               BuildableIdentifier = "primary"
               BlueprintIdentifier = "96253C792F32857A00E17BB2"
               BuildableName = "Light Up Kammy&apos;s Room.app"
               BlueprintName = "LightUpKammysRoom"
               ReferencedContainer = "container:LightUpKammysRoom.xcodeproj">
            </BuildableReference>
         </BuildActionEntry>
      </BuildActionEntries>
   </BuildAction>
   <TestAction
      buildConfiguration = "Debug"
      selectedDebuggerIdentifier = "Xcode.DebuggerFoundation.Debugger.LLDB"
      selectedLauncherIdentifier = "Xcode.DebuggerFoundation.Launcher.LLDB"
      shouldUseLaunchSchemeArgsEnv = "YES"
      shouldAutocreateTestPlan = "YES">
      <Testables>
         <TestableReference
            skipped = "NO"
            parallelizable = "YES">
            <BuildableReference
               BuildableIdentifier = "primary"
               BlueprintIdentifier = "96253C8A2F32857C00E17BB2"
               BuildableName = "LightUpKammysRoomTests.xctest"
               BlueprintName = "LightUpKammysRoomTests"
               ReferencedContainer = "container:LightUpKammysRoom.xcodeproj">
            </BuildableReference>
         </TestableReference>
         <TestableReference
            skipped = "NO"
            parallelizable = "YES">
            <BuildableReference
               BuildableIdentifier = "primary"
               BlueprintIdentifier = "96253C942F32857C00E17BB2"
               BuildableName = "LightUpKammysRoomUITests.xctest"
               BlueprintName = "LightUpKammysRoomUITests"
               ReferencedContainer = "container:LightUpKammysRoom.xcodeproj">
            </BuildableReference>
         </TestableReference>
      </Testables>
   </TestAction>
   <LaunchAction
      buildConfiguration = "Debug"
      selectedDebuggerIdentifier = "Xcode.DebuggerFoundation.Debugger.LLDB"
      selectedLauncherIdentifier = "Xcode.DebuggerFoundation.Launcher.LLDB"
      launchStyle = "0"
      useCustomWorkingDirectory = "NO"
      ignoresPersistentStateOnLaunch = "NO"
      debugDocumentVersioning = "YES"
      debugServiceExtension = "internal"
      allowLocationSimulation = "YES">
      <PreActions>
         <ExecutionAction
            ActionType = "Xcode.IDEStandardExecutionActionsCore.ExecutionActionType.ShellScriptAction">
            <ActionContent
               title = "Run Script"
               scriptText = "# Type a script or drag a script file from your workspace to insert its path.&#10;#!/bin/sh&#10;BUILD_NUMBER=`date &apos;+%y%m%d.%H%M&apos;`&#10;&#10;PROJECT_NAME=$(basename &quot;$PROJECT_FILE_PATH&quot; .xcodeproj)&#10;echo &quot;CURRENT_PROJECT_VERSION = $BUILD_NUMBER&quot; &gt; &quot;${PROJECT_DIR}/${PROJECT_NAME}/BuildNumber.xcconfig&quot;&#10;&#10;echo &quot;Updated build number to: $BUILD_NUMBER&quot;&#10;">
               <EnvironmentBuildable>
                  <BuildableReference
                     BuildableIdentifier = "primary"
                     BlueprintIdentifier = "96253C792F32857A00E17BB2"
                     BuildableName = "Light Up Kammy&apos;s Room.app"
                     BlueprintName = "LightUpKammysRoom"
                     ReferencedContainer = "container:LightUpKammysRoom.xcodeproj">
                  </BuildableReference>
               </EnvironmentBuildable>
            </ActionContent>
         </ExecutionAction>
      </PreActions>
      <BuildableProductRunnable
         runnableDebuggingMode = "0">
         <BuildableReference
            BuildableIdentifier = "primary"
            BlueprintIdentifier = "96253C792F32857A00E17BB2"
            BuildableName = "Light Up Kammy&apos;s Room.app"
            BlueprintName = "LightUpKammysRoom"
            ReferencedContainer = "container:LightUpKammysRoom.xcodeproj">
         </BuildableReference>
      </BuildableProductRunnable>
   </LaunchAction>
   <ProfileAction
      buildConfiguration = "Release"
      shouldUseLaunchSchemeArgsEnv = "YES"
      savedToolIdentifier = ""
      useCustomWorkingDirectory = "NO"
      debugDocumentVersioning = "YES">
      <BuildableProductRunnable
         runnableDebuggingMode = "0">
         <BuildableReference
            BuildableIdentifier = "primary"
            BlueprintIdentifier = "96253C792F32857A00E17BB2"
            BuildableName = "Light Up Kammy&apos;s Room.app"
            BlueprintName = "LightUpKammysRoom"
            ReferencedContainer = "container:LightUpKammysRoom.xcodeproj">
         </BuildableReference>
      </BuildableProductRunnable>
   </ProfileAction>
   <AnalyzeAction
      buildConfiguration = "Debug">
   </AnalyzeAction>
   <ArchiveAction
      buildConfiguration = "Release"
      revealArchiveInOrganizer = "YES">
      <PreActions>
         <ExecutionAction
            ActionType = "Xcode.IDEStandardExecutionActionsCore.ExecutionActionType.ShellScriptAction">
            <ActionContent
               title = "Run Script"
               scriptText = "# Type a script or drag a script file from your workspace to insert its path.&#10;#!/bin/sh&#10;BUILD_NUMBER=`date &apos;+%y%m%d.%H%M&apos;`&#10;&#10;PROJECT_NAME=$(basename &quot;$PROJECT_FILE_PATH&quot; .xcodeproj)&#10;echo &quot;CURRENT_PROJECT_VERSION = $BUILD_NUMBER&quot; &gt; &quot;${PROJECT_DIR}/${PROJECT_NAME}/BuildNumber.xcconfig&quot;&#10;&#10;echo &quot;Updated build number to: $BUILD_NUMBER&quot;&#10;">
               <EnvironmentBuildable>
                  <BuildableReference
                     BuildableIdentifier = "primary"
                     BlueprintIdentifier = "96253C792F32857A00E17BB2"
                     BuildableName = "Light Up Kammy&apos;s Room.app"
                     BlueprintName = "LightUpKammysRoom"
                     ReferencedContainer = "container:LightUpKammysRoom.xcodeproj">
                  </BuildableReference>
               </EnvironmentBuildable>
            </ActionContent>
         </ExecutionAction>
      </PreActions>
   </ArchiveAction>
</Scheme>
