// !$*UTF8*$!
{
	archiveVersion = 1;
	classes = {
	};
	objectVersion = 56;
	objects = {

/* Begin PBXBuildFile section */
		96253C822F32857B00E17BB2 /* Assets.xcassets in Resources */ = {isa = PBXBuildFile; fileRef = 96253C812F32857B00E17BB2 /* Assets.xcassets */; };
		96253C852F32857B00E17BB2 /* Preview Assets.xcassets in Resources */ = {isa = PBXBuildFile; fileRef = 96253C842F32857B00E17BB2 /* Preview Assets.xcassets */; };
		96253C902F32857C00E17BB2 /* LIFXBTMacAppTests.swift in Sources */ = {isa = PBXBuildFile; fileRef = 96253C8F2F32857C00E17BB2 /* LIFXBTMacAppTests.swift */; };
		96253C9A2F32857C00E17BB2 /* LIFXBTMacAppUITests.swift in Sources */ = {isa = PBXBuildFile; fileRef = 96253C992F32857C00E17BB2 /* LIFXBTMacAppUITests.swift */; };
		96253C9C2F32857C00E17BB2 /* LIFXBTMacAppUITestsLaunchTests.swift in Sources */ = {isa = PBXBuildFile; fileRef = 96253C9B2F32857C00E17BB2 /* LIFXBTMacAppUITestsLaunchTests.swift */; };
		96253CB52F3285A800E17BB2 /* LIFXLanControl.swift in Sources */ = {isa = PBXBuildFile; fileRef = 96253CA82F3285A500E17BB2 /* LIFXLanControl.swift */; };
		96253CB72F3285A800E17BB2 /* Models.swift in Sources */ = {isa = PBXBuildFile; fileRef = 96253CAA2F3285A500E17BB2 /* Models.swift */; };
		96253CB92F3285A800E17BB2 /* LIFXLanDiscovery.swift in Sources */ = {isa = PBXBuildFile; fileRef = 96253CAC2F3285A600E17BB2 /* LIFXLanDiscovery.swift */; };
		96253CBA2F3285A800E17BB2 /* LIFXBTMacApp.swift in Sources */ = {isa = PBXBuildFile; fileRef = 96253CAD2F3285A600E17BB2 /* LIFXBTMacApp.swift */; };
		96253CBC2F3285A800E17BB2 /* Panels.swift in Sources */ = {isa = PBXBuildFile; fileRef = 96253CAF2F3285A600E17BB2 /* Panels.swift */; };
		96253CBD2F3285A800E17BB2 /* AutoColorController.swift in Sources */ = {isa = PBXBuildFile; fileRef = 96253CB02F3285A700E17BB2 /* AutoColorController.swift */; };
		96253CBE2F3285A800E17BB2 /* LightRow.swift in Sources */ = {isa = PBXBuildFile; fileRef = 96253CB12F3285A700E17BB2 /* LightRow.swift */; };
		96253CBF2F3285A800E17BB2 /* UserConfigStore.swift in Sources */ = {isa = PBXBuildFile; fileRef = 96253CB22F3285A700E17BB2 /* UserConfigStore.swift */; };
		96253CC02F3285A800E17BB2 /* Zones.swift in Sources */ = {isa = PBXBuildFile; fileRef = 96253CB32F3285A700E17BB2 /* Zones.swift */; };
		96253CC12F3285A800E17BB2 /* BluetoothSensorsViewModel.swift in Sources */ = {isa = PBXBuildFile; fileRef = 96253CB42F3285A700E17BB2 /* BluetoothSensorsViewModel.swift */; };
		96253CC32F3285E400E17BB2 /* ZwiftZonePalette.swift in Sources */ = {isa = PBXBuildFile; fileRef = 96253CC22F3285E400E17BB2 /* ZwiftZonePalette.swift */; };
		96253CC52F32861E00E17BB2 /* LIFXDiscoveryViewModel.swift in Sources */ = {isa = PBXBuildFile; fileRef = 96253CC42F32861E00E17BB2 /* LIFXDiscoveryViewModel.swift */; };
		96253CC72F3286A700E17BB2 /* ContentView.swift in Sources */ = {isa = PBXBuildFile; fileRef = 96253CC62F3286A700E17BB2 /* ContentView.swift */; };
		96253CCA2F32936D00E17BB2 /* WindowSizing.swift in Sources */ = {isa = PBXBuildFile; fileRef = 96253CC92F32936D00E17BB2 /* WindowSizing.swift */; };
		C268375E2F3FA94A00A43AE6 /* ChartsPanel.swift in Sources */ = {isa = PBXBuildFile; fileRef = C268375D2F3FA94A00A43AE6 /* ChartsPanel.swift */; };
		C268376E2F3FFC8C00A43AE6 /* ChartsViewModel.swift in Sources */ = {isa = PBXBuildFile; fileRef = C268375F2F3FA95F00A43AE6 /* ChartsViewModel.swift */; };
		C26837702F3FFD0100A43AE6 /* MenuBarLightsView.swift in Sources */ = {isa = PBXBuildFile; fileRef = C268376F2F3FFD0100A43AE6 /* MenuBarLightsView.swift */; };
		C29ED3312F44C3CD0002B4BE /* BuildNumber.xcconfig in Resources */ = {isa = PBXBuildFile; fileRef = C29ED3302F44C3CD0002B4BE /* BuildNumber.xcconfig */; };
		C29ED3332F44D51C0002B4BE /* Untitled.swift in Sources */ = {isa = PBXBuildFile; fileRef = C29ED3322F44D51A0002B4BE /* Untitled.swift */; };
/* End PBXBuildFile section */

/* Begin PBXContainerItemProxy section */
		96253C8C2F32857C00E17BB2 /* PBXContainerItemProxy */ = {
			isa = PBXContainerItemProxy;
			containerPortal = 96253C722F32857A00E17BB2 /* Project object */;
			proxyType = 1;
			remoteGlobalIDString = 96253C792F32857A00E17BB2;
			remoteInfo = LIFXBTMacApp;
		};
		96253C962F32857C00E17BB2 /* PBXContainerItemProxy */ = {
			isa = PBXContainerItemProxy;
			containerPortal = 96253C722F32857A00E17BB2 /* Project object */;
			proxyType = 1;
			remoteGlobalIDString = 96253C792F32857A00E17BB2;
			remoteInfo = LIFXBTMacApp;
		};
/* End PBXContainerItemProxy section */

/* Begin PBXFileReference section */
		96253C7A2F32857A00E17BB2 /* Light Up Kammy's Room.app */ = {isa = PBXFileReference; explicitFileType = wrapper.application; includeInIndex = 0; path = "Light Up Kammy's Room.app"; sourceTree = BUILT_PRODUCTS_DIR; };
		96253C812F32857B00E17BB2 /* Assets.xcassets */ = {isa = PBXFileReference; lastKnownFileType = folder.assetcatalog; path = Assets.xcassets; sourceTree = "<group>"; };
		96253C842F32857B00E17BB2 /* Preview Assets.xcassets */ = {isa = PBXFileReference; lastKnownFileType = folder.assetcatalog; path = "Preview Assets.xcassets"; sourceTree = "<group>"; };
		96253C862F32857B00E17BB2 /* LIFXBTMacApp.entitlements */ = {isa = PBXFileReference; lastKnownFileType = text.plist.entitlements; path = LIFXBTMacApp.entitlements; sourceTree = "<group>"; };
		96253C8B2F32857C00E17BB2 /* LIFXBTMacAppTests.xctest */ = {isa = PBXFileReference; explicitFileType = wrapper.cfbundle; includeInIndex = 0; path = LIFXBTMacAppTests.xctest; sourceTree = BUILT_PRODUCTS_DIR; };
		96253C8F2F32857C00E17BB2 /* LIFXBTMacAppTests.swift */ = {isa = PBXFileReference; lastKnownFileType = sourcecode.swift; path = LIFXBTMacAppTests.swift; sourceTree = "<group>"; };
		96253C952F32857C00E17BB2 /* LIFXBTMacAppUITests.xctest */ = {isa = PBXFileReference; explicitFileType = wrapper.cfbundle; includeInIndex = 0; path = LIFXBTMacAppUITests.xctest; sourceTree = BUILT_PRODUCTS_DIR; };
		96253C992F32857C00E17BB2 /* LIFXBTMacAppUITests.swift */ = {isa = PBXFileReference; lastKnownFileType = sourcecode.swift; path = LIFXBTMacAppUITests.swift; sourceTree = "<group>"; };
		96253C9B2F32857C00E17BB2 /* LIFXBTMacAppUITestsLaunchTests.swift */ = {isa = PBXFileReference; lastKnownFileType = sourcecode.swift; path = LIFXBTMacAppUITestsLaunchTests.swift; sourceTree = "<group>"; };
		96253CA82F3285A500E17BB2 /* LIFXLanControl.swift */ = {isa = PBXFileReference; fileEncoding = 4; lastKnownFileType = sourcecode.swift; path = LIFXLanControl.swift; sourceTree = "<group>"; };
		96253CAA2F3285A500E17BB2 /* Models.swift */ = {isa = PBXFileReference; fileEncoding = 4; lastKnownFileType = sourcecode.swift; path = Models.swift; sourceTree = "<group>"; };
		96253CAC2F3285A600E17BB2 /* LIFXLanDiscovery.swift */ = {isa = PBXFileReference; fileEncoding = 4; lastKnownFileType = sourcecode.swift; path = LIFXLanDiscovery.swift; sourceTree = "<group>"; };
		96253CAD2F3285A600E17BB2 /* LIFXBTMacApp.swift */ = {isa = PBXFileReference; fileEncoding = 4; lastKnownFileType = sourcecode.swift; path = LIFXBTMacApp.swift; sourceTree = "<group>"; };
		96253CAF2F3285A600E17BB2 /* Panels.swift */ = {isa = PBXFileReference; fileEncoding = 4; lastKnownFileType = sourcecode.swift; path = Panels.swift; sourceTree = "<group>"; };
		96253CB02F3285A700E17BB2 /* AutoColorController.swift */ = {isa = PBXFileReference; fileEncoding = 4; lastKnownFileType = sourcecode.swift; path = AutoColorController.swift; sourceTree = "<group>"; };
		96253CB12F3285A700E17BB2 /* LightRow.swift */ = {isa = PBXFileReference; fileEncoding = 4; lastKnownFileType = sourcecode.swift; path = LightRow.swift; sourceTree = "<group>"; };
		96253CB22F3285A700E17BB2 /* UserConfigStore.swift */ = {isa = PBXFileReference; fileEncoding = 4; lastKnownFileType = sourcecode.swift; path = UserConfigStore.swift; sourceTree = "<group>"; };
		96253CB32F3285A700E17BB2 /* Zones.swift */ = {isa = PBXFileReference; fileEncoding = 4; lastKnownFileType = sourcecode.swift; path = Zones.swift; sourceTree = "<group>"; };
		96253CB42F3285A700E17BB2 /* BluetoothSensorsViewModel.swift */ = {isa = PBXFileReference; fileEncoding = 4; lastKnownFileType = sourcecode.swift; path = BluetoothSensorsViewModel.swift; sourceTree = "<group>"; };
		96253CC22F3285E400E17BB2 /* ZwiftZonePalette.swift */ = {isa = PBXFileReference; fileEncoding = 4; lastKnownFileType = sourcecode.swift; path = ZwiftZonePalette.swift; sourceTree = "<group>"; };
		96253CC42F32861E00E17BB2 /* LIFXDiscoveryViewModel.swift */ = {isa = PBXFileReference; fileEncoding = 4; lastKnownFileType = sourcecode.swift; path = LIFXDiscoveryViewModel.swift; sourceTree = "<group>"; };
		96253CC62F3286A700E17BB2 /* ContentView.swift */ = {isa = PBXFileReference; fileEncoding = 4; lastKnownFileType = sourcecode.swift; path = ContentView.swift; sourceTree = "<group>"; };
		96253CC92F32936D00E17BB2 /* WindowSizing.swift */ = {isa = PBXFileReference; lastKnownFileType = sourcecode.swift; path = WindowSizing.swift; sourceTree = "<group>"; };
		C268375D2F3FA94A00A43AE6 /* ChartsPanel.swift */ = {isa = PBXFileReference; lastKnownFileType = sourcecode.swift; path = ChartsPanel.swift; sourceTree = "<group>"; };
		C268375F2F3FA95F00A43AE6 /* ChartsViewModel.swift */ = {isa = PBXFileReference; lastKnownFileType = sourcecode.swift; path = ChartsViewModel.swift; sourceTree = "<group>"; };
		C268376F2F3FFD0100A43AE6 /* MenuBarLightsView.swift */ = {isa = PBXFileReference; lastKnownFileType = sourcecode.swift; path = MenuBarLightsView.swift; sourceTree = "<group>"; };
		C283CE772F3EB7D800EE0F4D /* Info.plist */ = {isa = PBXFileReference; lastKnownFileType = text.plist; path = Info.plist; sourceTree = "<group>"; };
		C29ED3302F44C3CD0002B4BE /* BuildNumber.xcconfig */ = {isa = PBXFileReference; lastKnownFileType = text.xcconfig; path = BuildNumber.xcconfig; sourceTree = "<group>"; };
		C29ED3322F44D51A0002B4BE /* Untitled.swift */ = {isa = PBXFileReference; lastKnownFileType = sourcecode.swift; path = Untitled.swift; sourceTree = "<group>"; };
/* End PBXFileReference section */

/* Begin PBXFrameworksBuildPhase section */
		96253C772F32857A00E17BB2 /* Frameworks */ = {
			isa = PBXFrameworksBuildPhase;
			buildActionMask = 2147483647;
			files = (
			);
			runOnlyForDeploymentPostprocessing = 0;
		};
		96253C882F32857C00E17BB2 /* Frameworks */ = {
			isa = PBXFrameworksBuildPhase;
			buildActionMask = 2147483647;
			files = (
			);
			runOnlyForDeploymentPostprocessing = 0;
		};
		96253C922F32857C00E17BB2 /* Frameworks */ = {
			isa = PBXFrameworksBuildPhase;
			buildActionMask = 2147483647;
			files = (
			);
			runOnlyForDeploymentPostprocessing = 0;
		};
/* End PBXFrameworksBuildPhase section */

/* Begin PBXGroup section */
		96253C712F32857A00E17BB2 = {
			isa = PBXGroup;
			children = (
				96253C7C2F32857A00E17BB2 /* LIFXBTMacApp */,
				96253C8E2F32857C00E17BB2 /* LIFXBTMacAppTests */,
				96253C982F32857C00E17BB2 /* LIFXBTMacAppUITests */,
				96253C7B2F32857A00E17BB2 /* Products */,
			);
			sourceTree = "<group>";
		};
		96253C7B2F32857A00E17BB2 /* Products */ = {
			isa = PBXGroup;
			children = (
				96253C7A2F32857A00E17BB2 /* Light Up Kammy's Room.app */,
				96253C8B2F32857C00E17BB2 /* LIFXBTMacAppTests.xctest */,
				96253C952F32857C00E17BB2 /* LIFXBTMacAppUITests.xctest */,
			);
			name = Products;
			sourceTree = "<group>";
		};
		96253C7C2F32857A00E17BB2 /* LIFXBTMacApp */ = {
			isa = PBXGroup;
			children = (
				C29ED3322F44D51A0002B4BE /* Untitled.swift */,
				C268376F2F3FFD0100A43AE6 /* MenuBarLightsView.swift */,
				C268375F2F3FA95F00A43AE6 /* ChartsViewModel.swift */,
				C268375D2F3FA94A00A43AE6 /* ChartsPanel.swift */,
				C283CE772F3EB7D800EE0F4D /* Info.plist */,
				96253CB02F3285A700E17BB2 /* AutoColorController.swift */,
				96253CB42F3285A700E17BB2 /* BluetoothSensorsViewModel.swift */,
				96253CC62F3286A700E17BB2 /* ContentView.swift */,
				96253CAD2F3285A600E17BB2 /* LIFXBTMacApp.swift */,
				96253CA82F3285A500E17BB2 /* LIFXLanControl.swift */,
				96253CAC2F3285A600E17BB2 /* LIFXLanDiscovery.swift */,
				96253CC42F32861E00E17BB2 /* LIFXDiscoveryViewModel.swift */,
				96253CB12F3285A700E17BB2 /* LightRow.swift */,
				96253CAA2F3285A500E17BB2 /* Models.swift */,
				96253CAF2F3285A600E17BB2 /* Panels.swift */,
				96253CB22F3285A700E17BB2 /* UserConfigStore.swift */,
				96253CB32F3285A700E17BB2 /* Zones.swift */,
				96253CC22F3285E400E17BB2 /* ZwiftZonePalette.swift */,
				96253CC92F32936D00E17BB2 /* WindowSizing.swift */,
				96253C812F32857B00E17BB2 /* Assets.xcassets */,
				96253C862F32857B00E17BB2 /* LIFXBTMacApp.entitlements */,
				96253C832F32857B00E17BB2 /* Preview Content */,
				C29ED3302F44C3CD0002B4BE /* BuildNumber.xcconfig */,
			);
			path = LIFXBTMacApp;
			sourceTree = "<group>";
		};
		96253C832F32857B00E17BB2 /* Preview Content */ = {
			isa = PBXGroup;
			children = (
				96253C842F32857B00E17BB2 /* Preview Assets.xcassets */,
			);
			path = "Preview Content";
			sourceTree = "<group>";
		};
		96253C8E2F32857C00E17BB2 /* LIFXBTMacAppTests */ = {
			isa = PBXGroup;
			children = (
				96253C8F2F32857C00E17BB2 /* LIFXBTMacAppTests.swift */,
			);
			path = LIFXBTMacAppTests;
			sourceTree = "<group>";
		};
		96253C982F32857C00E17BB2 /* LIFXBTMacAppUITests */ = {
			isa = PBXGroup;
			children = (
				96253C992F32857C00E17BB2 /* LIFXBTMacAppUITests.swift */,
				96253C9B2F32857C00E17BB2 /* LIFXBTMacAppUITestsLaunchTests.swift */,
			);
			path = LIFXBTMacAppUITests;
			sourceTree = "<group>";
		};
/* End PBXGroup section */

/* Begin PBXNativeTarget section */
		96253C792F32857A00E17BB2 /* LIFXBTMacApp */ = {
			isa = PBXNativeTarget;
			buildConfigurationList = 96253C9F2F32857C00E17BB2 /* Build configuration list for PBXNativeTarget "LIFXBTMacApp" */;
			buildPhases = (
				96253C762F32857A00E17BB2 /* Sources */,
				96253C772F32857A00E17BB2 /* Frameworks */,
				96253C782F32857A00E17BB2 /* Resources */,
				96253CC82F3287F700E17BB2 /* ShellScript */,
			);
			buildRules = (
			);
			dependencies = (
			);
			name = LIFXBTMacApp;
			productName = LIFXBTMacApp;
			productReference = 96253C7A2F32857A00E17BB2 /* Light Up Kammy's Room.app */;
			productType = "com.apple.product-type.application";
		};
		96253C8A2F32857C00E17BB2 /* LIFXBTMacAppTests */ = {
			isa = PBXNativeTarget;
			buildConfigurationList = 96253CA22F32857C00E17BB2 /* Build configuration list for PBXNativeTarget "LIFXBTMacAppTests" */;
			buildPhases = (
				96253C872F32857C00E17BB2 /* Sources */,
				96253C882F32857C00E17BB2 /* Frameworks */,
				96253C892F32857C00E17BB2 /* Resources */,
			);
			buildRules = (
			);
			dependencies = (
				96253C8D2F32857C00E17BB2 /* PBXTargetDependency */,
			);
			name = LIFXBTMacAppTests;
			productName = LIFXBTMacAppTests;
			productReference = 96253C8B2F32857C00E17BB2 /* LIFXBTMacAppTests.xctest */;
			productType = "com.apple.product-type.bundle.unit-test";
		};
		96253C942F32857C00E17BB2 /* LIFXBTMacAppUITests */ = {
			isa = PBXNativeTarget;
			buildConfigurationList = 96253CA52F32857C00E17BB2 /* Build configuration list for PBXNativeTarget "LIFXBTMacAppUITests" */;
			buildPhases = (
				96253C912F32857C00E17BB2 /* Sources */,
				96253C922F32857C00E17BB2 /* Frameworks */,
				96253C932F32857C00E17BB2 /* Resources */,
			);
			buildRules = (
			);
			dependencies = (
				96253C972F32857C00E17BB2 /* PBXTargetDependency */,
			);
			name = LIFXBTMacAppUITests;
			productName = LIFXBTMacAppUITests;
			productReference = 96253C952F32857C00E17BB2 /* LIFXBTMacAppUITests.xctest */;
			productType = "com.apple.product-type.bundle.ui-testing";
		};
/* End PBXNativeTarget section */

/* Begin PBXProject section */
		96253C722F32857A00E17BB2 /* Project object */ = {
			isa = PBXProject;
			attributes = {
				BuildIndependentTargetsInParallel = 1;
				LastSwiftUpdateCheck = 1420;
				LastUpgradeCheck = 2620;
				TargetAttributes = {
					96253C792F32857A00E17BB2 = {
						CreatedOnToolsVersion = 14.2;
					};
					96253C8A2F32857C00E17BB2 = {
						CreatedOnToolsVersion = 14.2;
						TestTargetID = 96253C792F32857A00E17BB2;
					};
					96253C942F32857C00E17BB2 = {
						CreatedOnToolsVersion = 14.2;
						TestTargetID = 96253C792F32857A00E17BB2;
					};
				};
			};
			buildConfigurationList = 96253C752F32857A00E17BB2 /* Build configuration list for PBXProject "LIFXBTMacApp" */;
			compatibilityVersion = "Xcode 14.0";
			developmentRegion = en;
			hasScannedForEncodings = 0;
			knownRegions = (
				en,
				Base,
			);
			mainGroup = 96253C712F32857A00E17BB2;
			productRefGroup = 96253C7B2F32857A00E17BB2 /* Products */;
			projectDirPath = "";
			projectRoot = "";
			targets = (
				96253C792F32857A00E17BB2 /* LIFXBTMacApp */,
				96253C8A2F32857C00E17BB2 /* LIFXBTMacAppTests */,
				96253C942F32857C00E17BB2 /* LIFXBTMacAppUITests */,
			);
		};
/* End PBXProject section */

/* Begin PBXResourcesBuildPhase section */
		96253C782F32857A00E17BB2 /* Resources */ = {
			isa = PBXResourcesBuildPhase;
			buildActionMask = 2147483647;
			files = (
				96253C852F32857B00E17BB2 /* Preview Assets.xcassets in Resources */,
				96253C822F32857B00E17BB2 /* Assets.xcassets in Resources */,
				C29ED3312F44C3CD0002B4BE /* BuildNumber.xcconfig in Resources */,
			);
			runOnlyForDeploymentPostprocessing = 0;
		};
		96253C892F32857C00E17BB2 /* Resources */ = {
			isa = PBXResourcesBuildPhase;
			buildActionMask = 2147483647;
			files = (
			);
			runOnlyForDeploymentPostprocessing = 0;
		};
		96253C932F32857C00E17BB2 /* Resources */ = {
			isa = PBXResourcesBuildPhase;
			buildActionMask = 2147483647;
			files = (
			);
			runOnlyForDeploymentPostprocessing = 0;
		};
/* End PBXResourcesBuildPhase section */

/* Begin PBXShellScriptBuildPhase section */
		96253CC82F3287F700E17BB2 /* ShellScript */ = {
			isa = PBXShellScriptBuildPhase;
			alwaysOutOfDate = 1;
			buildActionMask = 2147483647;
			files = (
			);
			inputFileListPaths = (
			);
			inputPaths = (
			);
			outputFileListPaths = (
			);
			outputPaths = (
			);
			runOnlyForDeploymentPostprocessing = 0;
			shellPath = /bin/sh;
			shellScript = "# Type a script or drag a script file from your workspace to insert its path.\n#agvtool next-version -all\n#agvtool next-version\n";
			showEnvVarsInLog = 0;
		};
/* End PBXShellScriptBuildPhase section */

/* Begin PBXSourcesBuildPhase section */
		96253C762F32857A00E17BB2 /* Sources */ = {
			isa = PBXSourcesBuildPhase;
			buildActionMask = 2147483647;
			files = (
				96253CBD2F3285A800E17BB2 /* AutoColorController.swift in Sources */,
				C268376E2F3FFC8C00A43AE6 /* ChartsViewModel.swift in Sources */,
				96253CC32F3285E400E17BB2 /* ZwiftZonePalette.swift in Sources */,
				96253CBC2F3285A800E17BB2 /* Panels.swift in Sources */,
				C268375E2F3FA94A00A43AE6 /* ChartsPanel.swift in Sources */,
				96253CBA2F3285A800E17BB2 /* LIFXBTMacApp.swift in Sources */,
				96253CC02F3285A800E17BB2 /* Zones.swift in Sources */,
				96253CC12F3285A800E17BB2 /* BluetoothSensorsViewModel.swift in Sources */,
				96253CB92F3285A800E17BB2 /* LIFXLanDiscovery.swift in Sources */,
				C26837702F3FFD0100A43AE6 /* MenuBarLightsView.swift in Sources */,
				96253CBE2F3285A800E17BB2 /* LightRow.swift in Sources */,
				96253CB52F3285A800E17BB2 /* LIFXLanControl.swift in Sources */,
				C29ED3332F44D51C0002B4BE /* Untitled.swift in Sources */,
				96253CCA2F32936D00E17BB2 /* WindowSizing.swift in Sources */,
				96253CBF2F3285A800E17BB2 /* UserConfigStore.swift in Sources */,
				96253CC72F3286A700E17BB2 /* ContentView.swift in Sources */,
				96253CC52F32861E00E17BB2 /* LIFXDiscoveryViewModel.swift in Sources */,
				96253CB72F3285A800E17BB2 /* Models.swift in Sources */,
			);
			runOnlyForDeploymentPostprocessing = 0;
		};
		96253C872F32857C00E17BB2 /* Sources */ = {
			isa = PBXSourcesBuildPhase;
			buildActionMask = 2147483647;
			files = (
				96253C902F32857C00E17BB2 /* LIFXBTMacAppTests.swift in Sources */,
			);
			runOnlyForDeploymentPostprocessing = 0;
		};
		96253C912F32857C00E17BB2 /* Sources */ = {
			isa = PBXSourcesBuildPhase;
			buildActionMask = 2147483647;
			files = (
				96253C9A2F32857C00E17BB2 /* LIFXBTMacAppUITests.swift in Sources */,
				96253C9C2F32857C00E17BB2 /* LIFXBTMacAppUITestsLaunchTests.swift in Sources */,
			);
			runOnlyForDeploymentPostprocessing = 0;
		};
/* End PBXSourcesBuildPhase section */

/* Begin PBXTargetDependency section */
		96253C8D2F32857C00E17BB2 /* PBXTargetDependency */ = {
			isa = PBXTargetDependency;
			target = 96253C792F32857A00E17BB2 /* LIFXBTMacApp */;
			targetProxy = 96253C8C2F32857C00E17BB2 /* PBXContainerItemProxy */;
		};
		96253C972F32857C00E17BB2 /* PBXTargetDependency */ = {
			isa = PBXTargetDependency;
			target = 96253C792F32857A00E17BB2 /* LIFXBTMacApp */;
			targetProxy = 96253C962F32857C00E17BB2 /* PBXContainerItemProxy */;
		};
/* End PBXTargetDependency section */

/* Begin XCBuildConfiguration section */
		96253C9D2F32857C00E17BB2 /* Debug */ = {
			isa = XCBuildConfiguration;
			baseConfigurationReference = C29ED3302F44C3CD0002B4BE /* BuildNumber.xcconfig */;
			buildSettings = {
				ALWAYS_SEARCH_USER_PATHS = NO;
				CLANG_ANALYZER_NONNULL = YES;
				CLANG_ANALYZER_NUMBER_OBJECT_CONVERSION = YES_AGGRESSIVE;
				CLANG_CXX_LANGUAGE_STANDARD = "gnu++20";
				CLANG_ENABLE_MODULES = YES;
				CLANG_ENABLE_OBJC_ARC = YES;
				CLANG_ENABLE_OBJC_WEAK = YES;
				CLANG_WARN_BLOCK_CAPTURE_AUTORELEASING = YES;
				CLANG_WARN_BOOL_CONVERSION = YES;
				CLANG_WARN_COMMA = YES;
				CLANG_WARN_CONSTANT_CONVERSION = YES;
				CLANG_WARN_DEPRECATED_OBJC_IMPLEMENTATIONS = YES;
				CLANG_WARN_DIRECT_OBJC_ISA_USAGE = YES_ERROR;
				CLANG_WARN_DOCUMENTATION_COMMENTS = YES;
				CLANG_WARN_EMPTY_BODY = YES;
				CLANG_WARN_ENUM_CONVERSION = YES;
				CLANG_WARN_INFINITE_RECURSION = YES;
				CLANG_WARN_INT_CONVERSION = YES;
				CLANG_WARN_NON_LITERAL_NULL_CONVERSION = YES;
				CLANG_WARN_OBJC_IMPLICIT_RETAIN_SELF = YES;
				CLANG_WARN_OBJC_LITERAL_CONVERSION = YES;
				CLANG_WARN_OBJC_ROOT_CLASS = YES_ERROR;
				CLANG_WARN_QUOTED_INCLUDE_IN_FRAMEWORK_HEADER = YES;
				CLANG_WARN_RANGE_LOOP_ANALYSIS = YES;
				CLANG_WARN_STRICT_PROTOTYPES = YES;
				CLANG_WARN_SUSPICIOUS_MOVE = YES;
				CLANG_WARN_UNGUARDED_AVAILABILITY = YES_AGGRESSIVE;
				CLANG_WARN_UNREACHABLE_CODE = YES;
				CLANG_WARN__DUPLICATE_METHOD_MATCH = YES;
				COPY_PHASE_STRIP = NO;
				DEAD_CODE_STRIPPING = YES;
				DEBUG_INFORMATION_FORMAT = dwarf;
				DEVELOPMENT_TEAM = ZN34UP654Z;
				ENABLE_STRICT_OBJC_MSGSEND = YES;
				ENABLE_TESTABILITY = YES;
				ENABLE_USER_SCRIPT_SANDBOXING = YES;
				GCC_C_LANGUAGE_STANDARD = gnu11;
				GCC_DYNAMIC_NO_PIC = NO;
				GCC_NO_COMMON_BLOCKS = YES;
				GCC_OPTIMIZATION_LEVEL = 0;
				GCC_PREPROCESSOR_DEFINITIONS = (
					"DEBUG=1",
					"$(inherited)",
				);
				GCC_WARN_64_TO_32_BIT_CONVERSION = YES;
				GCC_WARN_ABOUT_RETURN_TYPE = YES_ERROR;
				GCC_WARN_UNDECLARED_SELECTOR = YES;
				GCC_WARN_UNINITIALIZED_AUTOS = YES_AGGRESSIVE;
				GCC_WARN_UNUSED_FUNCTION = YES;
				GCC_WARN_UNUSED_VARIABLE = YES;
				MACOSX_DEPLOYMENT_TARGET = 12.7;
				MTL_ENABLE_DEBUG_INFO = INCLUDE_SOURCE;
				MTL_FAST_MATH = YES;
				ONLY_ACTIVE_ARCH = YES;
				SDKROOT = macosx;
				STRING_CATALOG_GENERATE_SYMBOLS = YES;
				SWIFT_ACTIVE_COMPILATION_CONDITIONS = DEBUG;
				SWIFT_OPTIMIZATION_LEVEL = "-Onone";
			};
			name = Debug;
		};
		96253C9E2F32857C00E17BB2 /* Release */ = {
			isa = XCBuildConfiguration;
			baseConfigurationReference = C29ED3302F44C3CD0002B4BE /* BuildNumber.xcconfig */;
			buildSettings = {
				ALWAYS_SEARCH_USER_PATHS = NO;
				CLANG_ANALYZER_NONNULL = YES;
				CLANG_ANALYZER_NUMBER_OBJECT_CONVERSION = YES_AGGRESSIVE;
				CLANG_CXX_LANGUAGE_STANDARD = "gnu++20";
				CLANG_ENABLE_MODULES = YES;
				CLANG_ENABLE_OBJC_ARC = YES;
				CLANG_ENABLE_OBJC_WEAK = YES;
				CLANG_WARN_BLOCK_CAPTURE_AUTORELEASING = YES;
				CLANG_WARN_BOOL_CONVERSION = YES;
				CLANG_WARN_COMMA = YES;
				CLANG_WARN_CONSTANT_CONVERSION = YES;
				CLANG_WARN_DEPRECATED_OBJC_IMPLEMENTATIONS = YES;
				CLANG_WARN_DIRECT_OBJC_ISA_USAGE = YES_ERROR;
				CLANG_WARN_DOCUMENTATION_COMMENTS = YES;
				CLANG_WARN_EMPTY_BODY = YES;
				CLANG_WARN_ENUM_CONVERSION = YES;
				CLANG_WARN_INFINITE_RECURSION = YES;
				CLANG_WARN_INT_CONVERSION = YES;
				CLANG_WARN_NON_LITERAL_NULL_CONVERSION = YES;
				CLANG_WARN_OBJC_IMPLICIT_RETAIN_SELF = YES;
				CLANG_WARN_OBJC_LITERAL_CONVERSION = YES;
				CLANG_WARN_OBJC_ROOT_CLASS = YES_ERROR;
				CLANG_WARN_QUOTED_INCLUDE_IN_FRAMEWORK_HEADER = YES;
				CLANG_WARN_RANGE_LOOP_ANALYSIS = YES;
				CLANG_WARN_STRICT_PROTOTYPES = YES;
				CLANG_WARN_SUSPICIOUS_MOVE = YES;
				CLANG_WARN_UNGUARDED_AVAILABILITY = YES_AGGRESSIVE;
				CLANG_WARN_UNREACHABLE_CODE = YES;
				CLANG_WARN__DUPLICATE_METHOD_MATCH = YES;
				COPY_PHASE_STRIP = NO;
				DEAD_CODE_STRIPPING = YES;
				DEBUG_INFORMATION_FORMAT = "dwarf-with-dsym";
				DEVELOPMENT_TEAM = ZN34UP654Z;
				ENABLE_NS_ASSERTIONS = NO;
				ENABLE_STRICT_OBJC_MSGSEND = YES;
				ENABLE_USER_SCRIPT_SANDBOXING = YES;
				GCC_C_LANGUAGE_STANDARD = gnu11;
				GCC_NO_COMMON_BLOCKS = YES;
				GCC_WARN_64_TO_32_BIT_CONVERSION = YES;
				GCC_WARN_ABOUT_RETURN_TYPE = YES_ERROR;
				GCC_WARN_UNDECLARED_SELECTOR = YES;
				GCC_WARN_UNINITIALIZED_AUTOS = YES_AGGRESSIVE;
				GCC_WARN_UNUSED_FUNCTION = YES;
				GCC_WARN_UNUSED_VARIABLE = YES;
				MACOSX_DEPLOYMENT_TARGET = 12.7;
				MTL_ENABLE_DEBUG_INFO = NO;
				MTL_FAST_MATH = YES;
				SDKROOT = macosx;
				STRING_CATALOG_GENERATE_SYMBOLS = YES;
				SWIFT_COMPILATION_MODE = wholemodule;
				SWIFT_OPTIMIZATION_LEVEL = "-O";
			};
			name = Release;
		};
		96253CA02F32857C00E17BB2 /* Debug */ = {
			isa = XCBuildConfiguration;
			buildSettings = {
				ASSETCATALOG_COMPILER_APPICON_NAME = AppIcon;
				ASSETCATALOG_COMPILER_GLOBAL_ACCENT_COLOR_NAME = AccentColor;
				ASSETCATALOG_COMPILER_INCLUDE_ALL_APPICON_ASSETS = YES;
				CODE_SIGN_ENTITLEMENTS = LIFXBTMacApp/LIFXBTMacApp.entitlements;
				"CODE_SIGN_IDENTITY[sdk=macosx*]" = "Apple Development";
				CODE_SIGN_STYLE = Automatic;
				COMBINE_HIDPI_IMAGES = YES;
				CURRENT_PROJECT_VERSION = "$(CURRENT_PROJECT_VERSION)";
				DEAD_CODE_STRIPPING = YES;
				DEVELOPMENT_ASSET_PATHS = "\"LIFXBTMacApp/Preview Content\"";
				DEVELOPMENT_TEAM = ZN34UP654Z;
				ENABLE_APP_SANDBOX = YES;
				ENABLE_HARDENED_RUNTIME = YES;
				ENABLE_INCOMING_NETWORK_CONNECTIONS = YES;
				ENABLE_OUTGOING_NETWORK_CONNECTIONS = YES;
				ENABLE_PREVIEWS = YES;
				ENABLE_RESOURCE_ACCESS_AUDIO_INPUT = NO;
				ENABLE_RESOURCE_ACCESS_BLUETOOTH = YES;
				ENABLE_RESOURCE_ACCESS_CALENDARS = NO;
				ENABLE_RESOURCE_ACCESS_CAMERA = NO;
				ENABLE_RESOURCE_ACCESS_CONTACTS = NO;
				ENABLE_RESOURCE_ACCESS_LOCATION = NO;
				ENABLE_RESOURCE_ACCESS_PRINTING = NO;
				ENABLE_RESOURCE_ACCESS_USB = NO;
				ENABLE_USER_SELECTED_FILES = "";
				GENERATE_INFOPLIST_FILE = YES;
				INFOPLIST_FILE = LIFXBTMacApp/Info.plist;
				INFOPLIST_KEY_CFBundleDisplayName = "Light Up Kammy's Room";
				INFOPLIST_KEY_LSApplicationCategoryType = "public.app-category.healthcare-fitness";
				INFOPLIST_KEY_NSBluetoothAlwaysUsageDescription = "Uses Bluetooth to commnitce with TACX and HR monitor";
				INFOPLIST_KEY_NSHumanReadableCopyright = "";
				INFOPLIST_KEY_NSLocalNetworkUsageDescription = "This app needs local network access to discover and control LIFX lights on your network.";
				LD_RUNPATH_SEARCH_PATHS = (
					"$(inherited)",
					"@executable_path/../Frameworks",
				);
				MACOSX_DEPLOYMENT_TARGET = 26.0;
				MARKETING_VERSION = 2.1;
				PRODUCT_BUNDLE_IDENTIFIER = com.TomBK.LIFXBTMacApp;
				PRODUCT_NAME = "Light Up Kammy's Room";
				SWIFT_EMIT_LOC_STRINGS = YES;
				SWIFT_VERSION = 5.0;
				VERSIONING_SYSTEM = "apple-generic";
			};
			name = Debug;
		};
		96253CA12F32857C00E17BB2 /* Release */ = {
			isa = XCBuildConfiguration;
			buildSettings = {
				ASSETCATALOG_COMPILER_APPICON_NAME = AppIcon;
				ASSETCATALOG_COMPILER_GLOBAL_ACCENT_COLOR_NAME = AccentColor;
				ASSETCATALOG_COMPILER_INCLUDE_ALL_APPICON_ASSETS = YES;
				CODE_SIGN_ENTITLEMENTS = LIFXBTMacApp/LIFXBTMacApp.entitlements;
				"CODE_SIGN_IDENTITY[sdk=macosx*]" = "Apple Development";
				CODE_SIGN_STYLE = Automatic;
				COMBINE_HIDPI_IMAGES = YES;
				CURRENT_PROJECT_VERSION = "$(CURRENT_PROJECT_VERSION)";
				DEAD_CODE_STRIPPING = YES;
				DEVELOPMENT_ASSET_PATHS = "\"LIFXBTMacApp/Preview Content\"";
				DEVELOPMENT_TEAM = ZN34UP654Z;
				ENABLE_APP_SANDBOX = YES;
				ENABLE_HARDENED_RUNTIME = YES;
				ENABLE_INCOMING_NETWORK_CONNECTIONS = YES;
				ENABLE_OUTGOING_NETWORK_CONNECTIONS = YES;
				ENABLE_PREVIEWS = YES;
				ENABLE_RESOURCE_ACCESS_AUDIO_INPUT = NO;
				ENABLE_RESOURCE_ACCESS_BLUETOOTH = YES;
				ENABLE_RESOURCE_ACCESS_CALENDARS = NO;
				ENABLE_RESOURCE_ACCESS_CAMERA = NO;
				ENABLE_RESOURCE_ACCESS_CONTACTS = NO;
				ENABLE_RESOURCE_ACCESS_LOCATION = NO;
				ENABLE_RESOURCE_ACCESS_PRINTING = NO;
				ENABLE_RESOURCE_ACCESS_USB = NO;
				ENABLE_USER_SELECTED_FILES = "";
				GENERATE_INFOPLIST_FILE = YES;
				INFOPLIST_FILE = LIFXBTMacApp/Info.plist;
				INFOPLIST_KEY_CFBundleDisplayName = "Light Up Kammy's Room";
				INFOPLIST_KEY_LSApplicationCategoryType = "public.app-category.healthcare-fitness";
				INFOPLIST_KEY_NSBluetoothAlwaysUsageDescription = "Uses Bluetooth to commnitce with TACX and HR monitor";
				INFOPLIST_KEY_NSHumanReadableCopyright = "";
				INFOPLIST_KEY_NSLocalNetworkUsageDescription = "This app needs local network access to discover and control LIFX lights on your network.";
				LD_RUNPATH_SEARCH_PATHS = (
					"$(inherited)",
					"@executable_path/../Frameworks",
				);
				MACOSX_DEPLOYMENT_TARGET = 26.0;
				MARKETING_VERSION = 2.1;
				PRODUCT_BUNDLE_IDENTIFIER = com.TomBK.LIFXBTMacApp;
				PRODUCT_NAME = "Light Up Kammy's Room";
				SWIFT_EMIT_LOC_STRINGS = YES;
				SWIFT_VERSION = 5.0;
				VERSIONING_SYSTEM = "apple-generic";
			};
			name = Release;
		};
		96253CA32F32857C00E17BB2 /* Debug */ = {
			isa = XCBuildConfiguration;
			buildSettings = {
				BUNDLE_LOADER = "$(TEST_HOST)";
				CODE_SIGN_STYLE = Automatic;
				CURRENT_PROJECT_VERSION = 55;
				DEAD_CODE_STRIPPING = YES;
				GENERATE_INFOPLIST_FILE = YES;
				MACOSX_DEPLOYMENT_TARGET = 12.7;
				MARKETING_VERSION = 1.0;
				PRODUCT_BUNDLE_IDENTIFIER = com.TomBK.LIFXBTMacAppTests;
				PRODUCT_NAME = "$(TARGET_NAME)";
				SWIFT_EMIT_LOC_STRINGS = NO;
				SWIFT_VERSION = 5.0;
				TEST_HOST = "$(BUILT_PRODUCTS_DIR)/LIFXBTMacApp.app/$(BUNDLE_EXECUTABLE_FOLDER_PATH)/LIFXBTMacApp";
			};
			name = Debug;
		};
		96253CA42F32857C00E17BB2 /* Release */ = {
			isa = XCBuildConfiguration;
			buildSettings = {
				BUNDLE_LOADER = "$(TEST_HOST)";
				CODE_SIGN_STYLE = Automatic;
				CURRENT_PROJECT_VERSION = 55;
				DEAD_CODE_STRIPPING = YES;
				GENERATE_INFOPLIST_FILE = YES;
				MACOSX_DEPLOYMENT_TARGET = 12.7;
				MARKETING_VERSION = 1.0;
				PRODUCT_BUNDLE_IDENTIFIER = com.TomBK.LIFXBTMacAppTests;
				PRODUCT_NAME = "$(TARGET_NAME)";
				SWIFT_EMIT_LOC_STRINGS = NO;
				SWIFT_VERSION = 5.0;
				TEST_HOST = "$(BUILT_PRODUCTS_DIR)/LIFXBTMacApp.app/$(BUNDLE_EXECUTABLE_FOLDER_PATH)/LIFXBTMacApp";
			};
			name = Release;
		};
		96253CA62F32857C00E17BB2 /* Debug */ = {
			isa = XCBuildConfiguration;
			buildSettings = {
				CODE_SIGN_STYLE = Automatic;
				CURRENT_PROJECT_VERSION = 55;
				DEAD_CODE_STRIPPING = YES;
				GENERATE_INFOPLIST_FILE = YES;
				MARKETING_VERSION = 1.0;
				PRODUCT_BUNDLE_IDENTIFIER = com.TomBK.LIFXBTMacAppUITests;
				PRODUCT_NAME = "$(TARGET_NAME)";
				SWIFT_EMIT_LOC_STRINGS = NO;
				SWIFT_VERSION = 5.0;
				TEST_TARGET_NAME = LIFXBTMacApp;
			};
			name = Debug;
		};
		96253CA72F32857C00E17BB2 /* Release */ = {
			isa = XCBuildConfiguration;
			buildSettings = {
				CODE_SIGN_STYLE = Automatic;
				CURRENT_PROJECT_VERSION = 55;
				DEAD_CODE_STRIPPING = YES;
				GENERATE_INFOPLIST_FILE = YES;
				MARKETING_VERSION = 1.0;
				PRODUCT_BUNDLE_IDENTIFIER = com.TomBK.LIFXBTMacAppUITests;
				PRODUCT_NAME = "$(TARGET_NAME)";
				SWIFT_EMIT_LOC_STRINGS = NO;
				SWIFT_VERSION = 5.0;
				TEST_TARGET_NAME = LIFXBTMacApp;
			};
			name = Release;
		};
/* End XCBuildConfiguration section */

/* Begin XCConfigurationList section */
		96253C752F32857A00E17BB2 /* Build configuration list for PBXProject "LIFXBTMacApp" */ = {
			isa = XCConfigurationList;
			buildConfigurations = (
				96253C9D2F32857C00E17BB2 /* Debug */,
				96253C9E2F32857C00E17BB2 /* Release */,
			);
			defaultConfigurationIsVisible = 0;
			defaultConfigurationName = Release;
		};
		96253C9F2F32857C00E17BB2 /* Build configuration list for PBXNativeTarget "LIFXBTMacApp" */ = {
			isa = XCConfigurationList;
			buildConfigurations = (
				96253CA02F32857C00E17BB2 /* Debug */,
				96253CA12F32857C00E17BB2 /* Release */,
			);
			defaultConfigurationIsVisible = 0;
			defaultConfigurationName = Release;
		};
		96253CA22F32857C00E17BB2 /* Build configuration list for PBXNativeTarget "LIFXBTMacAppTests" */ = {
			isa = XCConfigurationList;
			buildConfigurations = (
				96253CA32F32857C00E17BB2 /* Debug */,
				96253CA42F32857C00E17BB2 /* Release */,
			);
			defaultConfigurationIsVisible = 0;
			defaultConfigurationName = Release;
		};
		96253CA52F32857C00E17BB2 /* Build configuration list for PBXNativeTarget "LIFXBTMacAppUITests" */ = {
			isa = XCConfigurationList;
			buildConfigurations = (
				96253CA62F32857C00E17BB2 /* Debug */,
				96253CA72F32857C00E17BB2 /* Release */,
			);
			defaultConfigurationIsVisible = 0;
			defaultConfigurationName = Release;
		};
/* End XCConfigurationList section */
	};
	rootObject = 96253C722F32857A00E17BB2 /* Project object */;
}
